Microsoft Visual Studio Solution File, Format Version 12.00
# Visual Studio 2012
Project("{FAE04EC0-301F-11D3-BF4B-00C04F79EFBC}") = "Day 3", "Day 3.csproj", "{CAE1F3BC-73F5-4F59-984A-D0B173A1B04B}"
EndProject
Global
	GlobalSection(SolutionConfigurationPlatforms) = preSolution
	Debug|Any CPU = Debug|Any CPU
	ExportDebug|Any CPU = ExportDebug|Any CPU
	ExportRelease|Any CPU = ExportRelease|Any CPU
	EndGlobalSection
	GlobalSection(ProjectConfigurationPlatforms) = postSolution
		{CAE1F3BC-73F5-4F59-984A-D0B173A1B04B}.Debug|Any CPU.ActiveCfg = Debug|Any CPU
		{CAE1F3BC-73F5-4F59-984A-D0B173A1B04B}.Debug|Any CPU.Build.0 = Debug|Any CPU
		{CAE1F3BC-73F5-4F59-984A-D0B173A1B04B}.ExportDebug|Any CPU.ActiveCfg = ExportDebug|Any CPU
		{CAE1F3BC-73F5-4F59-984A-D0B173A1B04B}.ExportDebug|Any CPU.Build.0 = ExportDebug|Any CPU
		{CAE1F3BC-73F5-4F59-984A-D0B173A1B04B}.ExportRelease|Any CPU.ActiveCfg = ExportRelease|Any CPU
		{CAE1F3BC-73F5-4F59-984A-D0B173A1B04B}.ExportRelease|Any CPU.Build.0 = ExportRelease|Any CPU
	EndGlobalSection
EndGlobal
